
Microsoft Visual Studio Solution File, Format Version 12.00
# Visual Studio Version 17
VisualStudioVersion = 17.1.32210.238
MinimumVisualStudioVersion = 10.0.40219.1
Project("{9A19103F-16F7-4668-BE54-9A1E7A4F7556}") = "TESTE TÉCNICO - DESENVOLVEDOR TRAINE", "TESTE TÉCNICO - DESENVOLVEDOR TRAINE\TESTE TÉCNICO - DESENVOLVEDOR TRAINE.csproj", "{46F0AE55-111D-4BAA-82E3-2E73BE4C34FA}"
EndProject
Global
	GlobalSection(SolutionConfigurationPlatforms) = preSolution
		Debug|Any CPU = Debug|Any CPU
		Release|Any CPU = Release|Any CPU
	EndGlobalSection
	GlobalSection(ProjectConfigurationPlatforms) = postSolution
		{46F0AE55-111D-4BAA-82E3-2E73BE4C34FA}.Debug|Any CPU.ActiveCfg = Debug|Any CPU
		{46F0AE55-111D-4BAA-82E3-2E73BE4C34FA}.Debug|Any CPU.Build.0 = Debug|Any CPU
		{46F0AE55-111D-4BAA-82E3-2E73BE4C34FA}.Release|Any CPU.ActiveCfg = Release|Any CPU
		{46F0AE55-111D-4BAA-82E3-2E73BE4C34FA}.Release|Any CPU.Build.0 = Release|Any CPU
	EndGlobalSection
	GlobalSection(SolutionProperties) = preSolution
		HideSolutionNode = FALSE
	EndGlobalSection
	GlobalSection(ExtensibilityGlobals) = postSolution
		SolutionGuid = {8472C67E-5E62-4AC1-B9E8-76BDC0CD5A98}
	EndGlobalSection
EndGlobal
